// !$*UTF8*$!
{
	archiveVersion = 1;
	classes = {
	};
	objectVersion = 50;
	objects = {

/* Begin PBXBuildFile section */
		A45A24147AD4738DD54AE447 /* Pods_BlackStarWear.framework in Frameworks */ = {isa = PBXBuildFile; fileRef = 21EEEDEE5B697E59295C1B87 /* Pods_BlackStarWear.framework */; };
		B8FF90730328CE3E793E0FE6 /* Pods_BlackStarWearTests.framework in Frameworks */ = {isa = PBXBuildFile; fileRef = E0B9E812D8B79074AAF07BF5 /* Pods_BlackStarWearTests.framework */; };
		C2253B1C25233601008AA0DC /* ListViewController.swift in Sources */ = {isa = PBXBuildFile; fileRef = C2253B1B25233601008AA0DC /* ListViewController.swift */; };
		C2253B242523532E008AA0DC /* ShopingCartController.swift in Sources */ = {isa = PBXBuildFile; fileRef = C2253B232523532E008AA0DC /* ShopingCartController.swift */; };
		C2253B29252354BA008AA0DC /* ShopingCell.swift in Sources */ = {isa = PBXBuildFile; fileRef = C2253B28252354BA008AA0DC /* ShopingCell.swift */; };
		C2253B352523640D008AA0DC /* CategoriesData.swift in Sources */ = {isa = PBXBuildFile; fileRef = C2253B342523640D008AA0DC /* CategoriesData.swift */; };
		C22685192520BF10004BCFF2 /* CategoryController.swift in Sources */ = {isa = PBXBuildFile; fileRef = C22685182520BF10004BCFF2 /* CategoryController.swift */; };
		C2270FCA2520BB5600A6A659 /* CategoryCell.swift in Sources */ = {isa = PBXBuildFile; fileRef = C2270FC92520BB5600A6A659 /* CategoryCell.swift */; };
		C228F91F252208D600A37E72 /* ProductCell.swift in Sources */ = {isa = PBXBuildFile; fileRef = C228F91E252208D600A37E72 /* ProductCell.swift */; };
		C2300724253087EB00D5E30F /* ProductData.swift in Sources */ = {isa = PBXBuildFile; fileRef = C2300723253087EB00D5E30F /* ProductData.swift */; };
		C23C6A5125210B32002C8088 /* UIColor.swift in Sources */ = {isa = PBXBuildFile; fileRef = C23C6A5025210B32002C8088 /* UIColor.swift */; };
		C23C6A5625210D60002C8088 /* ProductCartController.swift in Sources */ = {isa = PBXBuildFile; fileRef = C23C6A5525210D60002C8088 /* ProductCartController.swift */; };
		C245B025252C96FD001FEB5B /* ProductImageCell.swift in Sources */ = {isa = PBXBuildFile; fileRef = C245B024252C96FD001FEB5B /* ProductImageCell.swift */; };
		C269C7FF251E86810051EAB2 /* AppDelegate.swift in Sources */ = {isa = PBXBuildFile; fileRef = C269C7FE251E86810051EAB2 /* AppDelegate.swift */; };
		C269C801251E86810051EAB2 /* SceneDelegate.swift in Sources */ = {isa = PBXBuildFile; fileRef = C269C800251E86810051EAB2 /* SceneDelegate.swift */; };
		C269C806251E86810051EAB2 /* Main.storyboard in Resources */ = {isa = PBXBuildFile; fileRef = C269C804251E86810051EAB2 /* Main.storyboard */; };
		C269C809251E86810051EAB2 /* BlackStarWear.xcdatamodeld in Sources */ = {isa = PBXBuildFile; fileRef = C269C807251E86810051EAB2 /* BlackStarWear.xcdatamodeld */; };
		C269C80B251E86820051EAB2 /* Assets.xcassets in Resources */ = {isa = PBXBuildFile; fileRef = C269C80A251E86820051EAB2 /* Assets.xcassets */; };
		C269C80E251E86820051EAB2 /* LaunchScreen.storyboard in Resources */ = {isa = PBXBuildFile; fileRef = C269C80C251E86820051EAB2 /* LaunchScreen.storyboard */; };
		C269C819251E86820051EAB2 /* BlackStarWearTests.swift in Sources */ = {isa = PBXBuildFile; fileRef = C269C818251E86820051EAB2 /* BlackStarWearTests.swift */; };
		C269C824251E86820051EAB2 /* BlackStarWearUITests.swift in Sources */ = {isa = PBXBuildFile; fileRef = C269C823251E86820051EAB2 /* BlackStarWearUITests.swift */; };
		C28126CC253474E2002D9084 /* RealmManager.swift in Sources */ = {isa = PBXBuildFile; fileRef = C28126CB253474E2002D9084 /* RealmManager.swift */; };
		C28126D1253474F4002D9084 /* ProductModel.swift in Sources */ = {isa = PBXBuildFile; fileRef = C28126D0253474F4002D9084 /* ProductModel.swift */; };
		C28126DB25347868002D9084 /* Double.swift in Sources */ = {isa = PBXBuildFile; fileRef = C28126DA25347868002D9084 /* Double.swift */; };
		C2B8D6FF2529D379006548F5 /* NetworkManager.swift in Sources */ = {isa = PBXBuildFile; fileRef = C2B8D6FE2529D379006548F5 /* NetworkManager.swift */; };
		C2CBC6F1253615AB00343C6D /* UIButton.swift in Sources */ = {isa = PBXBuildFile; fileRef = C2CBC6F0253615AB00343C6D /* UIButton.swift */; };
		E1F4ADD646AFA05619056E0F /* Pods_BlackStarWearUITests.framework in Frameworks */ = {isa = PBXBuildFile; fileRef = D11240BEF83C57D70CA6AF9E /* Pods_BlackStarWearUITests.framework */; };
/* End PBXBuildFile section */

/* Begin PBXContainerItemProxy section */
		C269C815251E86820051EAB2 /* PBXContainerItemProxy */ = {
			isa = PBXContainerItemProxy;
			containerPortal = C269C7F3251E86800051EAB2 /* Project object */;
			proxyType = 1;
			remoteGlobalIDString = C269C7FA251E86810051EAB2;
			remoteInfo = BlackStarWear;
		};
		C269C820251E86820051EAB2 /* PBXContainerItemProxy */ = {
			isa = PBXContainerItemProxy;
			containerPortal = C269C7F3251E86800051EAB2 /* Project object */;
			proxyType = 1;
			remoteGlobalIDString = C269C7FA251E86810051EAB2;
			remoteInfo = BlackStarWear;
		};
/* End PBXContainerItemProxy section */

/* Begin PBXFileReference section */
		0AAF99C1591A48D4CDCCE6C9 /* Pods-BlackStarWearTests.release.xcconfig */ = {isa = PBXFileReference; includeInIndex = 1; lastKnownFileType = text.xcconfig; name = "Pods-BlackStarWearTests.release.xcconfig"; path = "Pods/Target Support Files/Pods-BlackStarWearTests/Pods-BlackStarWearTests.release.xcconfig"; sourceTree = "<group>"; };
		21EEEDEE5B697E59295C1B87 /* Pods_BlackStarWear.framework */ = {isa = PBXFileReference; explicitFileType = wrapper.framework; includeInIndex = 0; path = Pods_BlackStarWear.framework; sourceTree = BUILT_PRODUCTS_DIR; };
		593622F65A131EA2B5A705FD /* Pods-BlackStarWearTests.debug.xcconfig */ = {isa = PBXFileReference; includeInIndex = 1; lastKnownFileType = text.xcconfig; name = "Pods-BlackStarWearTests.debug.xcconfig"; path = "Pods/Target Support Files/Pods-BlackStarWearTests/Pods-BlackStarWearTests.debug.xcconfig"; sourceTree = "<group>"; };
		8896A41B3BD50043B98FE15F /* Pods-BlackStarWearUITests.debug.xcconfig */ = {isa = PBXFileReference; includeInIndex = 1; lastKnownFileType = text.xcconfig; name = "Pods-BlackStarWearUITests.debug.xcconfig"; path = "Pods/Target Support Files/Pods-BlackStarWearUITests/Pods-BlackStarWearUITests.debug.xcconfig"; sourceTree = "<group>"; };
		B6EBC26A16DA111E932B1226 /* Pods-BlackStarWear.release.xcconfig */ = {isa = PBXFileReference; includeInIndex = 1; lastKnownFileType = text.xcconfig; name = "Pods-BlackStarWear.release.xcconfig"; path = "Pods/Target Support Files/Pods-BlackStarWear/Pods-BlackStarWear.release.xcconfig"; sourceTree = "<group>"; };
		C2253B1B25233601008AA0DC /* ListViewController.swift */ = {isa = PBXFileReference; lastKnownFileType = sourcecode.swift; path = ListViewController.swift; sourceTree = "<group>"; };
		C2253B232523532E008AA0DC /* ShopingCartController.swift */ = {isa = PBXFileReference; lastKnownFileType = sourcecode.swift; path = ShopingCartController.swift; sourceTree = "<group>"; };
		C2253B28252354BA008AA0DC /* ShopingCell.swift */ = {isa = PBXFileReference; lastKnownFileType = sourcecode.swift; path = ShopingCell.swift; sourceTree = "<group>"; };
		C2253B342523640D008AA0DC /* CategoriesData.swift */ = {isa = PBXFileReference; lastKnownFileType = sourcecode.swift; path = CategoriesData.swift; sourceTree = "<group>"; };
		C22685182520BF10004BCFF2 /* CategoryController.swift */ = {isa = PBXFileReference; lastKnownFileType = sourcecode.swift; path = CategoryController.swift; sourceTree = "<group>"; };
		C2270FC92520BB5600A6A659 /* CategoryCell.swift */ = {isa = PBXFileReference; lastKnownFileType = sourcecode.swift; path = CategoryCell.swift; sourceTree = "<group>"; };
		C228F91E252208D600A37E72 /* ProductCell.swift */ = {isa = PBXFileReference; lastKnownFileType = sourcecode.swift; path = ProductCell.swift; sourceTree = "<group>"; };
		C2300723253087EB00D5E30F /* ProductData.swift */ = {isa = PBXFileReference; lastKnownFileType = sourcecode.swift; path = ProductData.swift; sourceTree = "<group>"; };
		C23C6A5025210B32002C8088 /* UIColor.swift */ = {isa = PBXFileReference; lastKnownFileType = sourcecode.swift; path = UIColor.swift; sourceTree = "<group>"; };
		C23C6A5525210D60002C8088 /* ProductCartController.swift */ = {isa = PBXFileReference; lastKnownFileType = sourcecode.swift; path = ProductCartController.swift; sourceTree = "<group>"; };
		C245B024252C96FD001FEB5B /* ProductImageCell.swift */ = {isa = PBXFileReference; lastKnownFileType = sourcecode.swift; path = ProductImageCell.swift; sourceTree = "<group>"; };
		C269C7FB251E86810051EAB2 /* BlackStarWear.app */ = {isa = PBXFileReference; explicitFileType = wrapper.application; includeInIndex = 0; path = BlackStarWear.app; sourceTree = BUILT_PRODUCTS_DIR; };
		C269C7FE251E86810051EAB2 /* AppDelegate.swift */ = {isa = PBXFileReference; lastKnownFileType = sourcecode.swift; path = AppDelegate.swift; sourceTree = "<group>"; };
		C269C800251E86810051EAB2 /* SceneDelegate.swift */ = {isa = PBXFileReference; lastKnownFileType = sourcecode.swift; path = SceneDelegate.swift; sourceTree = "<group>"; };
		C269C805251E86810051EAB2 /* Base */ = {isa = PBXFileReference; lastKnownFileType = file.storyboard; name = Base; path = Base.lproj/Main.storyboard; sourceTree = "<group>"; };
		C269C808251E86810051EAB2 /* BlackStarWear.xcdatamodel */ = {isa = PBXFileReference; lastKnownFileType = wrapper.xcdatamodel; path = BlackStarWear.xcdatamodel; sourceTree = "<group>"; };
		C269C80A251E86820051EAB2 /* Assets.xcassets */ = {isa = PBXFileReference; lastKnownFileType = folder.assetcatalog; path = Assets.xcassets; sourceTree = "<group>"; };
		C269C80D251E86820051EAB2 /* Base */ = {isa = PBXFileReference; lastKnownFileType = file.storyboard; name = Base; path = Base.lproj/LaunchScreen.storyboard; sourceTree = "<group>"; };
		C269C80F251E86820051EAB2 /* Info.plist */ = {isa = PBXFileReference; lastKnownFileType = text.plist.xml; path = Info.plist; sourceTree = "<group>"; };
		C269C814251E86820051EAB2 /* BlackStarWearTests.xctest */ = {isa = PBXFileReference; explicitFileType = wrapper.cfbundle; includeInIndex = 0; path = BlackStarWearTests.xctest; sourceTree = BUILT_PRODUCTS_DIR; };
		C269C818251E86820051EAB2 /* BlackStarWearTests.swift */ = {isa = PBXFileReference; lastKnownFileType = sourcecode.swift; path = BlackStarWearTests.swift; sourceTree = "<group>"; };
		C269C81A251E86820051EAB2 /* Info.plist */ = {isa = PBXFileReference; lastKnownFileType = text.plist.xml; path = Info.plist; sourceTree = "<group>"; };
		C269C81F251E86820051EAB2 /* BlackStarWearUITests.xctest */ = {isa = PBXFileReference; explicitFileType = wrapper.cfbundle; includeInIndex = 0; path = BlackStarWearUITests.xctest; sourceTree = BUILT_PRODUCTS_DIR; };
		C269C823251E86820051EAB2 /* BlackStarWearUITests.swift */ = {isa = PBXFileReference; lastKnownFileType = sourcecode.swift; path = BlackStarWearUITests.swift; sourceTree = "<group>"; };
		C269C825251E86820051EAB2 /* Info.plist */ = {isa = PBXFileReference; lastKnownFileType = text.plist.xml; path = Info.plist; sourceTree = "<group>"; };
		C28126CB253474E2002D9084 /* RealmManager.swift */ = {isa = PBXFileReference; lastKnownFileType = sourcecode.swift; path = RealmManager.swift; sourceTree = "<group>"; };
		C28126D0253474F4002D9084 /* ProductModel.swift */ = {isa = PBXFileReference; lastKnownFileType = sourcecode.swift; path = ProductModel.swift; sourceTree = "<group>"; };
		C28126DA25347868002D9084 /* Double.swift */ = {isa = PBXFileReference; lastKnownFileType = sourcecode.swift; path = Double.swift; sourceTree = "<group>"; };
		C2B8D6FE2529D379006548F5 /* NetworkManager.swift */ = {isa = PBXFileReference; lastKnownFileType = sourcecode.swift; path = NetworkManager.swift; sourceTree = "<group>"; };
		C2CBC6F0253615AB00343C6D /* UIButton.swift */ = {isa = PBXFileReference; lastKnownFileType = sourcecode.swift; path = UIButton.swift; sourceTree = "<group>"; };
		D11240BEF83C57D70CA6AF9E /* Pods_BlackStarWearUITests.framework */ = {isa = PBXFileReference; explicitFileType = wrapper.framework; includeInIndex = 0; path = Pods_BlackStarWearUITests.framework; sourceTree = BUILT_PRODUCTS_DIR; };
		E0B9E812D8B79074AAF07BF5 /* Pods_BlackStarWearTests.framework */ = {isa = PBXFileReference; explicitFileType = wrapper.framework; includeInIndex = 0; path = Pods_BlackStarWearTests.framework; sourceTree = BUILT_PRODUCTS_DIR; };
		FE91C99E085BE8D9D71369B0 /* Pods-BlackStarWear.debug.xcconfig */ = {isa = PBXFileReference; includeInIndex = 1; lastKnownFileType = text.xcconfig; name = "Pods-BlackStarWear.debug.xcconfig"; path = "Pods/Target Support Files/Pods-BlackStarWear/Pods-BlackStarWear.debug.xcconfig"; sourceTree = "<group>"; };
		FF89309ED45F33B04AD23F95 /* Pods-BlackStarWearUITests.release.xcconfig */ = {isa = PBXFileReference; includeInIndex = 1; lastKnownFileType = text.xcconfig; name = "Pods-BlackStarWearUITests.release.xcconfig"; path = "Pods/Target Support Files/Pods-BlackStarWearUITests/Pods-BlackStarWearUITests.release.xcconfig"; sourceTree = "<group>"; };
/* End PBXFileReference section */

/* Begin PBXFrameworksBuildPhase section */
		C269C7F8251E86810051EAB2 /* Frameworks */ = {
			isa = PBXFrameworksBuildPhase;
			buildActionMask = 2147483647;
			files = (
				A45A24147AD4738DD54AE447 /* Pods_BlackStarWear.framework in Frameworks */,
			);
			runOnlyForDeploymentPostprocessing = 0;
		};
		C269C811251E86820051EAB2 /* Frameworks */ = {
			isa = PBXFrameworksBuildPhase;
			buildActionMask = 2147483647;
			files = (
				B8FF90730328CE3E793E0FE6 /* Pods_BlackStarWearTests.framework in Frameworks */,
			);
			runOnlyForDeploymentPostprocessing = 0;
		};
		C269C81C251E86820051EAB2 /* Frameworks */ = {
			isa = PBXFrameworksBuildPhase;
			buildActionMask = 2147483647;
			files = (
				E1F4ADD646AFA05619056E0F /* Pods_BlackStarWearUITests.framework in Frameworks */,
			);
			runOnlyForDeploymentPostprocessing = 0;
		};
/* End PBXFrameworksBuildPhase section */

/* Begin PBXGroup section */
		75424B81B4E4EDF82A7A0D99 /* Pods */ = {
			isa = PBXGroup;
			children = (
				FE91C99E085BE8D9D71369B0 /* Pods-BlackStarWear.debug.xcconfig */,
				B6EBC26A16DA111E932B1226 /* Pods-BlackStarWear.release.xcconfig */,
				593622F65A131EA2B5A705FD /* Pods-BlackStarWearTests.debug.xcconfig */,
				0AAF99C1591A48D4CDCCE6C9 /* Pods-BlackStarWearTests.release.xcconfig */,
				8896A41B3BD50043B98FE15F /* Pods-BlackStarWearUITests.debug.xcconfig */,
				FF89309ED45F33B04AD23F95 /* Pods-BlackStarWearUITests.release.xcconfig */,
			);
			name = Pods;
			sourceTree = "<group>";
		};
		C2253B2E25235DF3008AA0DC /* Network Service */ = {
			isa = PBXGroup;
			children = (
				C2B8D6FE2529D379006548F5 /* NetworkManager.swift */,
				C2253B342523640D008AA0DC /* CategoriesData.swift */,
				C2300723253087EB00D5E30F /* ProductData.swift */,
			);
			path = "Network Service";
			sourceTree = "<group>";
		};
		C226851D2520BF16004BCFF2 /* Cells */ = {
			isa = PBXGroup;
			children = (
				C2270FC92520BB5600A6A659 /* CategoryCell.swift */,
				C228F91E252208D600A37E72 /* ProductCell.swift */,
				C245B024252C96FD001FEB5B /* ProductImageCell.swift */,
				C2253B28252354BA008AA0DC /* ShopingCell.swift */,
			);
			path = Cells;
			sourceTree = "<group>";
		};
		C2270FD12520BC1900A6A659 /* Model */ = {
			isa = PBXGroup;
			children = (
				C28126CB253474E2002D9084 /* RealmManager.swift */,
				C28126D0253474F4002D9084 /* ProductModel.swift */,
			);
			path = Model;
			sourceTree = "<group>";
		};
		C2270FD22520BC3000A6A659 /* View */ = {
			isa = PBXGroup;
			children = (
				C269C804251E86810051EAB2 /* Main.storyboard */,
				C269C80C251E86820051EAB2 /* LaunchScreen.storyboard */,
			);
			path = View;
			sourceTree = "<group>";
		};
		C2270FD32520BC3600A6A659 /* Controller */ = {
			isa = PBXGroup;
			children = (
				C22685182520BF10004BCFF2 /* CategoryController.swift */,
				C2253B1B25233601008AA0DC /* ListViewController.swift */,
				C23C6A5525210D60002C8088 /* ProductCartController.swift */,
				C2253B232523532E008AA0DC /* ShopingCartController.swift */,
				C226851D2520BF16004BCFF2 /* Cells */,
			);
			path = Controller;
			sourceTree = "<group>";
		};
		C2270FD42520BC4100A6A659 /* Supporting files */ = {
			isa = PBXGroup;
			children = (
				C269C80F251E86820051EAB2 /* Info.plist */,
				C269C80A251E86820051EAB2 /* Assets.xcassets */,
				C269C807251E86810051EAB2 /* BlackStarWear.xcdatamodeld */,
			);
			path = "Supporting files";
			sourceTree = "<group>";
		};
		C23C6A4F25210B14002C8088 /* Extensions */ = {
			isa = PBXGroup;
			children = (
				C2CBC6F0253615AB00343C6D /* UIButton.swift */,
				C23C6A5025210B32002C8088 /* UIColor.swift */,
				C28126DA25347868002D9084 /* Double.swift */,
			);
			path = Extensions;
			sourceTree = "<group>";
		};
		C269C7F2251E86800051EAB2 = {
			isa = PBXGroup;
			children = (
				C269C7FD251E86810051EAB2 /* BlackStarWear */,
				C269C817251E86820051EAB2 /* BlackStarWearTests */,
				C269C822251E86820051EAB2 /* BlackStarWearUITests */,
				C269C7FC251E86810051EAB2 /* Products */,
				75424B81B4E4EDF82A7A0D99 /* Pods */,
				D6509611CC4DC7122D011E2C /* Frameworks */,
			);
			sourceTree = "<group>";
		};
		C269C7FC251E86810051EAB2 /* Products */ = {
			isa = PBXGroup;
			children = (
				C269C7FB251E86810051EAB2 /* BlackStarWear.app */,
				C269C814251E86820051EAB2 /* BlackStarWearTests.xctest */,
				C269C81F251E86820051EAB2 /* BlackStarWearUITests.xctest */,
			);
			name = Products;
			sourceTree = "<group>";
		};
		C269C7FD251E86810051EAB2 /* BlackStarWear */ = {
			isa = PBXGroup;
			children = (
				C269C7FE251E86810051EAB2 /* AppDelegate.swift */,
				C269C800251E86810051EAB2 /* SceneDelegate.swift */,
				C2253B2E25235DF3008AA0DC /* Network Service */,
				C2270FD12520BC1900A6A659 /* Model */,
				C2270FD22520BC3000A6A659 /* View */,
				C2270FD32520BC3600A6A659 /* Controller */,
				C23C6A4F25210B14002C8088 /* Extensions */,
				C2270FD42520BC4100A6A659 /* Supporting files */,
			);
			path = BlackStarWear;
			sourceTree = "<group>";
		};
		C269C817251E86820051EAB2 /* BlackStarWearTests */ = {
			isa = PBXGroup;
			children = (
				C269C818251E86820051EAB2 /* BlackStarWearTests.swift */,
				C269C81A251E86820051EAB2 /* Info.plist */,
			);
			path = BlackStarWearTests;
			sourceTree = "<group>";
		};
		C269C822251E86820051EAB2 /* BlackStarWearUITests */ = {
			isa = PBXGroup;
			children = (
				C269C823251E86820051EAB2 /* BlackStarWearUITests.swift */,
				C269C825251E86820051EAB2 /* Info.plist */,
			);
			path = BlackStarWearUITests;
			sourceTree = "<group>";
		};
		D6509611CC4DC7122D011E2C /* Frameworks */ = {
			isa = PBXGroup;
			children = (
				21EEEDEE5B697E59295C1B87 /* Pods_BlackStarWear.framework */,
				E0B9E812D8B79074AAF07BF5 /* Pods_BlackStarWearTests.framework */,
				D11240BEF83C57D70CA6AF9E /* Pods_BlackStarWearUITests.framework */,
			);
			name = Frameworks;
			sourceTree = "<group>";
		};
/* End PBXGroup section */

/* Begin PBXNativeTarget section */
		C269C7FA251E86810051EAB2 /* BlackStarWear */ = {
			isa = PBXNativeTarget;
			buildConfigurationList = C269C828251E86820051EAB2 /* Build configuration list for PBXNativeTarget "BlackStarWear" */;
			buildPhases = (
				D2F79B5B57E1489318DC0716 /* [CP] Check Pods Manifest.lock */,
				C269C7F7251E86810051EAB2 /* Sources */,
				C269C7F8251E86810051EAB2 /* Frameworks */,
				C269C7F9251E86810051EAB2 /* Resources */,
				546889A8F5C2B697E2118E4A /* [CP] Embed Pods Frameworks */,
			);
			buildRules = (
			);
			dependencies = (
			);
			name = BlackStarWear;
			productName = BlackStarWear;
			productReference = C269C7FB251E86810051EAB2 /* BlackStarWear.app */;
			productType = "com.apple.product-type.application";
		};
		C269C813251E86820051EAB2 /* BlackStarWearTests */ = {
			isa = PBXNativeTarget;
			buildConfigurationList = C269C82B251E86820051EAB2 /* Build configuration list for PBXNativeTarget "BlackStarWearTests" */;
			buildPhases = (
				A9356A8712DC1DB286A85284 /* [CP] Check Pods Manifest.lock */,
				C269C810251E86820051EAB2 /* Sources */,
				C269C811251E86820051EAB2 /* Frameworks */,
				C269C812251E86820051EAB2 /* Resources */,
			);
			buildRules = (
			);
			dependencies = (
				C269C816251E86820051EAB2 /* PBXTargetDependency */,
			);
			name = BlackStarWearTests;
			productName = BlackStarWearTests;
			productReference = C269C814251E86820051EAB2 /* BlackStarWearTests.xctest */;
			productType = "com.apple.product-type.bundle.unit-test";
		};
		C269C81E251E86820051EAB2 /* BlackStarWearUITests */ = {
			isa = PBXNativeTarget;
			buildConfigurationList = C269C82E251E86820051EAB2 /* Build configuration list for PBXNativeTarget "BlackStarWearUITests" */;
			buildPhases = (
				10403B1FD29567307BBC9912 /* [CP] Check Pods Manifest.lock */,
				C269C81B251E86820051EAB2 /* Sources */,
				C269C81C251E86820051EAB2 /* Frameworks */,
				C269C81D251E86820051EAB2 /* Resources */,
			);
			buildRules = (
			);
			dependencies = (
				C269C821251E86820051EAB2 /* PBXTargetDependency */,
			);
			name = BlackStarWearUITests;
			productName = BlackStarWearUITests;
			productReference = C269C81F251E86820051EAB2 /* BlackStarWearUITests.xctest */;
			productType = "com.apple.product-type.bundle.ui-testing";
		};
/* End PBXNativeTarget section */

/* Begin PBXProject section */
		C269C7F3251E86800051EAB2 /* Project object */ = {
			isa = PBXProject;
			attributes = {
				LastSwiftUpdateCheck = 1200;
				LastUpgradeCheck = 1200;
				TargetAttributes = {
					C269C7FA251E86810051EAB2 = {
						CreatedOnToolsVersion = 12.0;
					};
					C269C813251E86820051EAB2 = {
						CreatedOnToolsVersion = 12.0;
						TestTargetID = C269C7FA251E86810051EAB2;
					};
					C269C81E251E86820051EAB2 = {
						CreatedOnToolsVersion = 12.0;
						TestTargetID = C269C7FA251E86810051EAB2;
					};
				};
			};
			buildConfigurationList = C269C7F6251E86800051EAB2 /* Build configuration list for PBXProject "BlackStarWear" */;
			compatibilityVersion = "Xcode 9.3";
			developmentRegion = en;
			hasScannedForEncodings = 0;
			knownRegions = (
				en,
				Base,
			);
			mainGroup = C269C7F2251E86800051EAB2;
			productRefGroup = C269C7FC251E86810051EAB2 /* Products */;
			projectDirPath = "";
			projectRoot = "";
			targets = (
				C269C7FA251E86810051EAB2 /* BlackStarWear */,
				C269C813251E86820051EAB2 /* BlackStarWearTests */,
				C269C81E251E86820051EAB2 /* BlackStarWearUITests */,
			);
		};
/* End PBXProject section */

/* Begin PBXResourcesBuildPhase section */
		C269C7F9251E86810051EAB2 /* Resources */ = {
			isa = PBXResourcesBuildPhase;
			buildActionMask = 2147483647;
			files = (
				C269C80E251E86820051EAB2 /* LaunchScreen.storyboard in Resources */,
				C269C80B251E86820051EAB2 /* Assets.xcassets in Resources */,
				C269C806251E86810051EAB2 /* Main.storyboard in Resources */,
			);
			runOnlyForDeploymentPostprocessing = 0;
		};
		C269C812251E86820051EAB2 /* Resources */ = {
			isa = PBXResourcesBuildPhase;
			buildActionMask = 2147483647;
			files = (
			);
			runOnlyForDeploymentPostprocessing = 0;
		};
		C269C81D251E86820051EAB2 /* Resources */ = {
			isa = PBXResourcesBuildPhase;
			buildActionMask = 2147483647;
			files = (
			);
			runOnlyForDeploymentPostprocessing = 0;
		};
/* End PBXResourcesBuildPhase section */

/* Begin PBXShellScriptBuildPhase section */
		10403B1FD29567307BBC9912 /* [CP] Check Pods Manifest.lock */ = {
			isa = PBXShellScriptBuildPhase;
			buildActionMask = 2147483647;
			files = (
			);
			inputPaths = (
				"${PODS_PODFILE_DIR_PATH}/Podfile.lock",
				"${PODS_ROOT}/Manifest.lock",
			);
			name = "[CP] Check Pods Manifest.lock";
			outputPaths = (
				"$(DERIVED_FILE_DIR)/Pods-BlackStarWearUITests-checkManifestLockResult.txt",
			);
			runOnlyForDeploymentPostprocessing = 0;
			shellPath = /bin/sh;
			shellScript = "diff \"${PODS_PODFILE_DIR_PATH}/Podfile.lock\" \"${PODS_ROOT}/Manifest.lock\" > /dev/null\nif [ $? != 0 ] ; then\n    # print error to STDERR\n    echo \"error: The sandbox is not in sync with the Podfile.lock. Run 'pod install' or update your CocoaPods installation.\" >&2\n    exit 1\nfi\n# This output is used by Xcode 'outputs' to avoid re-running this script phase.\necho \"SUCCESS\" > \"${SCRIPT_OUTPUT_FILE_0}\"\n";
			showEnvVarsInLog = 0;
		};
		546889A8F5C2B697E2118E4A /* [CP] Embed Pods Frameworks */ = {
			isa = PBXShellScriptBuildPhase;
			buildActionMask = 2147483647;
			files = (
			);
			inputPaths = (
				"${SRCROOT}/Pods/Target Support Files/Pods-BlackStarWear/Pods-BlackStarWear-frameworks.sh",
				"${BUILT_PRODUCTS_DIR}/Realm/Realm.framework",
				"${BUILT_PRODUCTS_DIR}/RealmSwift/RealmSwift.framework",
			);
			name = "[CP] Embed Pods Frameworks";
			outputPaths = (
				"${TARGET_BUILD_DIR}/${FRAMEWORKS_FOLDER_PATH}/Realm.framework",
				"${TARGET_BUILD_DIR}/${FRAMEWORKS_FOLDER_PATH}/RealmSwift.framework",
			);
			runOnlyForDeploymentPostprocessing = 0;
			shellPath = /bin/sh;
			shellScript = "\"${SRCROOT}/Pods/Target Support Files/Pods-BlackStarWear/Pods-BlackStarWear-frameworks.sh\"\n";
			showEnvVarsInLog = 0;
		};
		A9356A8712DC1DB286A85284 /* [CP] Check Pods Manifest.lock */ = {
			isa = PBXShellScriptBuildPhase;
			buildActionMask = 2147483647;
			files = (
			);
			inputPaths = (
				"${PODS_PODFILE_DIR_PATH}/Podfile.lock",
				"${PODS_ROOT}/Manifest.lock",
			);
			name = "[CP] Check Pods Manifest.lock";
			outputPaths = (
				"$(DERIVED_FILE_DIR)/Pods-BlackStarWearTests-checkManifestLockResult.txt",
			);
			runOnlyForDeploymentPostprocessing = 0;
			shellPath = /bin/sh;
			shellScript = "diff \"${PODS_PODFILE_DIR_PATH}/Podfile.lock\" \"${PODS_ROOT}/Manifest.lock\" > /dev/null\nif [ $? != 0 ] ; then\n    # print error to STDERR\n    echo \"error: The sandbox is not in sync with the Podfile.lock. Run 'pod install' or update your CocoaPods installation.\" >&2\n    exit 1\nfi\n# This output is used by Xcode 'outputs' to avoid re-running this script phase.\necho \"SUCCESS\" > \"${SCRIPT_OUTPUT_FILE_0}\"\n";
			showEnvVarsInLog = 0;
		};
		D2F79B5B57E1489318DC0716 /* [CP] Check Pods Manifest.lock */ = {
			isa = PBXShellScriptBuildPhase;
			buildActionMask = 2147483647;
			files = (
			);
			inputPaths = (
				"${PODS_PODFILE_DIR_PATH}/Podfile.lock",
				"${PODS_ROOT}/Manifest.lock",
			);
			name = "[CP] Check Pods Manifest.lock";
			outputPaths = (
				"$(DERIVED_FILE_DIR)/Pods-BlackStarWear-checkManifestLockResult.txt",
			);
			runOnlyForDeploymentPostprocessing = 0;
			shellPath = /bin/sh;
			shellScript = "diff \"${PODS_PODFILE_DIR_PATH}/Podfile.lock\" \"${PODS_ROOT}/Manifest.lock\" > /dev/null\nif [ $? != 0 ] ; then\n    # print error to STDERR\n    echo \"error: The sandbox is not in sync with the Podfile.lock. Run 'pod install' or update your CocoaPods installation.\" >&2\n    exit 1\nfi\n# This output is used by Xcode 'outputs' to avoid re-running this script phase.\necho \"SUCCESS\" > \"${SCRIPT_OUTPUT_FILE_0}\"\n";
			showEnvVarsInLog = 0;
		};
/* End PBXShellScriptBuildPhase section */

/* Begin PBXSourcesBuildPhase section */
		C269C7F7251E86810051EAB2 /* Sources */ = {
			isa = PBXSourcesBuildPhase;
			buildActionMask = 2147483647;
			files = (
				C269C809251E86810051EAB2 /* BlackStarWear.xcdatamodeld in Sources */,
				C22685192520BF10004BCFF2 /* CategoryController.swift in Sources */,
				C228F91F252208D600A37E72 /* ProductCell.swift in Sources */,
				C28126D1253474F4002D9084 /* ProductModel.swift in Sources */,
				C23C6A5625210D60002C8088 /* ProductCartController.swift in Sources */,
				C2B8D6FF2529D379006548F5 /* NetworkManager.swift in Sources */,
				C245B025252C96FD001FEB5B /* ProductImageCell.swift in Sources */,
				C269C7FF251E86810051EAB2 /* AppDelegate.swift in Sources */,
				C269C801251E86810051EAB2 /* SceneDelegate.swift in Sources */,
				C2270FCA2520BB5600A6A659 /* CategoryCell.swift in Sources */,
				C28126CC253474E2002D9084 /* RealmManager.swift in Sources */,
				C2253B242523532E008AA0DC /* ShopingCartController.swift in Sources */,
				C2253B1C25233601008AA0DC /* ListViewController.swift in Sources */,
				C2300724253087EB00D5E30F /* ProductData.swift in Sources */,
				C2253B29252354BA008AA0DC /* ShopingCell.swift in Sources */,
				C2CBC6F1253615AB00343C6D /* UIButton.swift in Sources */,
				C23C6A5125210B32002C8088 /* UIColor.swift in Sources */,
				C28126DB25347868002D9084 /* Double.swift in Sources */,
				C2253B352523640D008AA0DC /* CategoriesData.swift in Sources */,
			);
			runOnlyForDeploymentPostprocessing = 0;
		};
		C269C810251E86820051EAB2 /* Sources */ = {
			isa = PBXSourcesBuildPhase;
			buildActionMask = 2147483647;
			files = (
				C269C819251E86820051EAB2 /* BlackStarWearTests.swift in Sources */,
			);
			runOnlyForDeploymentPostprocessing = 0;
		};
		C269C81B251E86820051EAB2 /* Sources */ = {
			isa = PBXSourcesBuildPhase;
			buildActionMask = 2147483647;
			files = (
				C269C824251E86820051EAB2 /* BlackStarWearUITests.swift in Sources */,
			);
			runOnlyForDeploymentPostprocessing = 0;
		};
/* End PBXSourcesBuildPhase section */

/* Begin PBXTargetDependency section */
		C269C816251E86820051EAB2 /* PBXTargetDependency */ = {
			isa = PBXTargetDependency;
			target = C269C7FA251E86810051EAB2 /* BlackStarWear */;
			targetProxy = C269C815251E86820051EAB2 /* PBXContainerItemProxy */;
		};
		C269C821251E86820051EAB2 /* PBXTargetDependency */ = {
			isa = PBXTargetDependency;
			target = C269C7FA251E86810051EAB2 /* BlackStarWear */;
			targetProxy = C269C820251E86820051EAB2 /* PBXContainerItemProxy */;
		};
/* End PBXTargetDependency section */

/* Begin PBXVariantGroup section */
		C269C804251E86810051EAB2 /* Main.storyboard */ = {
			isa = PBXVariantGroup;
			children = (
				C269C805251E86810051EAB2 /* Base */,
			);
			name = Main.storyboard;
			sourceTree = "<group>";
		};
		C269C80C251E86820051EAB2 /* LaunchScreen.storyboard */ = {
			isa = PBXVariantGroup;
			children = (
				C269C80D251E86820051EAB2 /* Base */,
			);
			name = LaunchScreen.storyboard;
			sourceTree = "<group>";
		};
/* End PBXVariantGroup section */

/* Begin XCBuildConfiguration section */
		C269C826251E86820051EAB2 /* Debug */ = {
			isa = XCBuildConfiguration;
			buildSettings = {
				ALWAYS_SEARCH_USER_PATHS = NO;
				CLANG_ANALYZER_NONNULL = YES;
				CLANG_ANALYZER_NUMBER_OBJECT_CONVERSION = YES_AGGRESSIVE;
				CLANG_CXX_LANGUAGE_STANDARD = "gnu++14";
				CLANG_CXX_LIBRARY = "libc++";
				CLANG_ENABLE_MODULES = YES;
				CLANG_ENABLE_OBJC_ARC = YES;
				CLANG_ENABLE_OBJC_WEAK = YES;
				CLANG_WARN_BLOCK_CAPTURE_AUTORELEASING = YES;
				CLANG_WARN_BOOL_CONVERSION = YES;
				CLANG_WARN_COMMA = YES;
				CLANG_WARN_CONSTANT_CONVERSION = YES;
				CLANG_WARN_DEPRECATED_OBJC_IMPLEMENTATIONS = YES;
				CLANG_WARN_DIRECT_OBJC_ISA_USAGE = YES_ERROR;
				CLANG_WARN_DOCUMENTATION_COMMENTS = YES;
				CLANG_WARN_EMPTY_BODY = YES;
				CLANG_WARN_ENUM_CONVERSION = YES;
				CLANG_WARN_INFINITE_RECURSION = YES;
				CLANG_WARN_INT_CONVERSION = YES;
				CLANG_WARN_NON_LITERAL_NULL_CONVERSION = YES;
				CLANG_WARN_OBJC_IMPLICIT_RETAIN_SELF = YES;
				CLANG_WARN_OBJC_LITERAL_CONVERSION = YES;
				CLANG_WARN_OBJC_ROOT_CLASS = YES_ERROR;
				CLANG_WARN_QUOTED_INCLUDE_IN_FRAMEWORK_HEADER = YES;
				CLANG_WARN_RANGE_LOOP_ANALYSIS = YES;
				CLANG_WARN_STRICT_PROTOTYPES = YES;
				CLANG_WARN_SUSPICIOUS_MOVE = YES;
				CLANG_WARN_UNGUARDED_AVAILABILITY = YES_AGGRESSIVE;
				CLANG_WARN_UNREACHABLE_CODE = YES;
				CLANG_WARN__DUPLICATE_METHOD_MATCH = YES;
				COPY_PHASE_STRIP = NO;
				DEBUG_INFORMATION_FORMAT = dwarf;
				ENABLE_STRICT_OBJC_MSGSEND = YES;
				ENABLE_TESTABILITY = YES;
				GCC_C_LANGUAGE_STANDARD = gnu11;
				GCC_DYNAMIC_NO_PIC = NO;
				GCC_NO_COMMON_BLOCKS = YES;
				GCC_OPTIMIZATION_LEVEL = 0;
				GCC_PREPROCESSOR_DEFINITIONS = (
					"DEBUG=1",
					"$(inherited)",
				);
				GCC_WARN_64_TO_32_BIT_CONVERSION = YES;
				GCC_WARN_ABOUT_RETURN_TYPE = YES_ERROR;
				GCC_WARN_UNDECLARED_SELECTOR = YES;
				GCC_WARN_UNINITIALIZED_AUTOS = YES_AGGRESSIVE;
				GCC_WARN_UNUSED_FUNCTION = YES;
				GCC_WARN_UNUSED_VARIABLE = YES;
				IPHONEOS_DEPLOYMENT_TARGET = 14.0;
				MTL_ENABLE_DEBUG_INFO = INCLUDE_SOURCE;
				MTL_FAST_MATH = YES;
				ONLY_ACTIVE_ARCH = YES;
				SDKROOT = iphoneos;
				SWIFT_ACTIVE_COMPILATION_CONDITIONS = DEBUG;
				SWIFT_OPTIMIZATION_LEVEL = "-Onone";
			};
			name = Debug;
		};
		C269C827251E86820051EAB2 /* Release */ = {
			isa = XCBuildConfiguration;
			buildSettings = {
				ALWAYS_SEARCH_USER_PATHS = NO;
				CLANG_ANALYZER_NONNULL = YES;
				CLANG_ANALYZER_NUMBER_OBJECT_CONVERSION = YES_AGGRESSIVE;
				CLANG_CXX_LANGUAGE_STANDARD = "gnu++14";
				CLANG_CXX_LIBRARY = "libc++";
				CLANG_ENABLE_MODULES = YES;
				CLANG_ENABLE_OBJC_ARC = YES;
				CLANG_ENABLE_OBJC_WEAK = YES;
				CLANG_WARN_BLOCK_CAPTURE_AUTORELEASING = YES;
				CLANG_WARN_BOOL_CONVERSION = YES;
				CLANG_WARN_COMMA = YES;
				CLANG_WARN_CONSTANT_CONVERSION = YES;
				CLANG_WARN_DEPRECATED_OBJC_IMPLEMENTATIONS = YES;
				CLANG_WARN_DIRECT_OBJC_ISA_USAGE = YES_ERROR;
				CLANG_WARN_DOCUMENTATION_COMMENTS = YES;
				CLANG_WARN_EMPTY_BODY = YES;
				CLANG_WARN_ENUM_CONVERSION = YES;
				CLANG_WARN_INFINITE_RECURSION = YES;
				CLANG_WARN_INT_CONVERSION = YES;
				CLANG_WARN_NON_LITERAL_NULL_CONVERSION = YES;
				CLANG_WARN_OBJC_IMPLICIT_RETAIN_SELF = YES;
				CLANG_WARN_OBJC_LITERAL_CONVERSION = YES;
				CLANG_WARN_OBJC_ROOT_CLASS = YES_ERROR;
				CLANG_WARN_QUOTED_INCLUDE_IN_FRAMEWORK_HEADER = YES;
				CLANG_WARN_RANGE_LOOP_ANALYSIS = YES;
				CLANG_WARN_STRICT_PROTOTYPES = YES;
				CLANG_WARN_SUSPICIOUS_MOVE = YES;
				CLANG_WARN_UNGUARDED_AVAILABILITY = YES_AGGRESSIVE;
				CLANG_WARN_UNREACHABLE_CODE = YES;
				CLANG_WARN__DUPLICATE_METHOD_MATCH = YES;
				COPY_PHASE_STRIP = NO;
				DEBUG_INFORMATION_FORMAT = "dwarf-with-dsym";
				ENABLE_NS_ASSERTIONS = NO;
				ENABLE_STRICT_OBJC_MSGSEND = YES;
				GCC_C_LANGUAGE_STANDARD = gnu11;
				GCC_NO_COMMON_BLOCKS = YES;
				GCC_WARN_64_TO_32_BIT_CONVERSION = YES;
				GCC_WARN_ABOUT_RETURN_TYPE = YES_ERROR;
				GCC_WARN_UNDECLARED_SELECTOR = YES;
				GCC_WARN_UNINITIALIZED_AUTOS = YES_AGGRESSIVE;
				GCC_WARN_UNUSED_FUNCTION = YES;
				GCC_WARN_UNUSED_VARIABLE = YES;
				IPHONEOS_DEPLOYMENT_TARGET = 14.0;
				MTL_ENABLE_DEBUG_INFO = NO;
				MTL_FAST_MATH = YES;
				SDKROOT = iphoneos;
				SWIFT_COMPILATION_MODE = wholemodule;
				SWIFT_OPTIMIZATION_LEVEL = "-O";
				VALIDATE_PRODUCT = YES;
			};
			name = Release;
		};
		C269C829251E86820051EAB2 /* Debug */ = {
			isa = XCBuildConfiguration;
			baseConfigurationReference = FE91C99E085BE8D9D71369B0 /* Pods-BlackStarWear.debug.xcconfig */;
			buildSettings = {
				ASSETCATALOG_COMPILER_APPICON_NAME = AppIcon;
				ASSETCATALOG_COMPILER_GLOBAL_ACCENT_COLOR_NAME = AccentColor;
				CODE_SIGN_STYLE = Automatic;
				DEVELOPMENT_TEAM = R367V6SP7Z;
				INFOPLIST_FILE = "$(SRCROOT)/BlackStarWear/Supporting files/Info.plist";
				LD_RUNPATH_SEARCH_PATHS = (
					"$(inherited)",
					"@executable_path/Frameworks",
				);
				PRODUCT_BUNDLE_IDENTIFIER = novembrz.BlackStarWear;
				PRODUCT_NAME = "$(TARGET_NAME)";
				SWIFT_VERSION = 5.0;
				TARGETED_DEVICE_FAMILY = "1,2";
			};
			name = Debug;
		};
		C269C82A251E86820051EAB2 /* Release */ = {
			isa = XCBuildConfiguration;
			baseConfigurationReference = B6EBC26A16DA111E932B1226 /* Pods-BlackStarWear.release.xcconfig */;
			buildSettings = {
				ASSETCATALOG_COMPILER_APPICON_NAME = AppIcon;
				ASSETCATALOG_COMPILER_GLOBAL_ACCENT_COLOR_NAME = AccentColor;
				CODE_SIGN_STYLE = Automatic;
				DEVELOPMENT_TEAM = R367V6SP7Z;
				INFOPLIST_FILE = "$(SRCROOT)/BlackStarWear/Supporting files/Info.plist";
				LD_RUNPATH_SEARCH_PATHS = (
					"$(inherited)",
					"@executable_path/Frameworks",
				);
				PRODUCT_BUNDLE_IDENTIFIER = novembrz.BlackStarWear;
				PRODUCT_NAME = "$(TARGET_NAME)";
				SWIFT_VERSION = 5.0;
				TARGETED_DEVICE_FAMILY = "1,2";
			};
			name = Release;
		};
		C269C82C251E86820051EAB2 /* Debug */ = {
			isa = XCBuildConfiguration;
			baseConfigurationReference = 593622F65A131EA2B5A705FD /* Pods-BlackStarWearTests.debug.xcconfig */;
			buildSettings = {
				ALWAYS_EMBED_SWIFT_STANDARD_LIBRARIES = YES;
				BUNDLE_LOADER = "$(TEST_HOST)";
				CODE_SIGN_STYLE = Automatic;
				DEVELOPMENT_TEAM = R367V6SP7Z;
				INFOPLIST_FILE = BlackStarWearTests/Info.plist;
				IPHONEOS_DEPLOYMENT_TARGET = 14.0;
				LD_RUNPATH_SEARCH_PATHS = (
					"$(inherited)",
					"@executable_path/Frameworks",
					"@loader_path/Frameworks",
				);
				PRODUCT_BUNDLE_IDENTIFIER = novembrz.BlackStarWearTests;
				PRODUCT_NAME = "$(TARGET_NAME)";
				SWIFT_VERSION = 5.0;
				TARGETED_DEVICE_FAMILY = "1,2";
				TEST_HOST = "$(BUILT_PRODUCTS_DIR)/BlackStarWear.app/BlackStarWear";
			};
			name = Debug;
		};
		C269C82D251E86820051EAB2 /* Release */ = {
			isa = XCBuildConfiguration;
			baseConfigurationReference = 0AAF99C1591A48D4CDCCE6C9 /* Pods-BlackStarWearTests.release.xcconfig */;
			buildSettings = {
				ALWAYS_EMBED_SWIFT_STANDARD_LIBRARIES = YES;
				BUNDLE_LOADER = "$(TEST_HOST)";
				CODE_SIGN_STYLE = Automatic;
				DEVELOPMENT_TEAM = R367V6SP7Z;
				INFOPLIST_FILE = BlackStarWearTests/Info.plist;
				IPHONEOS_DEPLOYMENT_TARGET = 14.0;
				LD_RUNPATH_SEARCH_PATHS = (
					"$(inherited)",
					"@executable_path/Frameworks",
					"@loader_path/Frameworks",
				);
				PRODUCT_BUNDLE_IDENTIFIER = novembrz.BlackStarWearTests;
				PRODUCT_NAME = "$(TARGET_NAME)";
				SWIFT_VERSION = 5.0;
				TARGETED_DEVICE_FAMILY = "1,2";
				TEST_HOST = "$(BUILT_PRODUCTS_DIR)/BlackStarWear.app/BlackStarWear";
			};
			name = Release;
		};
		C269C82F251E86820051EAB2 /* Debug */ = {
			isa = XCBuildConfiguration;
			baseConfigurationReference = 8896A41B3BD50043B98FE15F /* Pods-BlackStarWearUITests.debug.xcconfig */;
			buildSettings = {
				ALWAYS_EMBED_SWIFT_STANDARD_LIBRARIES = YES;
				CODE_SIGN_STYLE = Automatic;
				DEVELOPMENT_TEAM = R367V6SP7Z;
				INFOPLIST_FILE = BlackStarWearUITests/Info.plist;
				LD_RUNPATH_SEARCH_PATHS = (
					"$(inherited)",
					"@executable_path/Frameworks",
					"@loader_path/Frameworks",
				);
				PRODUCT_BUNDLE_IDENTIFIER = novembrz.BlackStarWearUITests;
				PRODUCT_NAME = "$(TARGET_NAME)";
				SWIFT_VERSION = 5.0;
				TARGETED_DEVICE_FAMILY = "1,2";
				TEST_TARGET_NAME = BlackStarWear;
			};
			name = Debug;
		};
		C269C830251E86820051EAB2 /* Release */ = {
			isa = XCBuildConfiguration;
			baseConfigurationReference = FF89309ED45F33B04AD23F95 /* Pods-BlackStarWearUITests.release.xcconfig */;
			buildSettings = {
				ALWAYS_EMBED_SWIFT_STANDARD_LIBRARIES = YES;
				CODE_SIGN_STYLE = Automatic;
				DEVELOPMENT_TEAM = R367V6SP7Z;
				INFOPLIST_FILE = BlackStarWearUITests/Info.plist;
				LD_RUNPATH_SEARCH_PATHS = (
					"$(inherited)",
					"@executable_path/Frameworks",
					"@loader_path/Frameworks",
				);
				PRODUCT_BUNDLE_IDENTIFIER = novembrz.BlackStarWearUITests;
				PRODUCT_NAME = "$(TARGET_NAME)";
				SWIFT_VERSION = 5.0;
				TARGETED_DEVICE_FAMILY = "1,2";
				TEST_TARGET_NAME = BlackStarWear;
			};
			name = Release;
		};
/* End XCBuildConfiguration section */

/* Begin XCConfigurationList section */
		C269C7F6251E86800051EAB2 /* Build configuration list for PBXProject "BlackStarWear" */ = {
			isa = XCConfigurationList;
			buildConfigurations = (
				C269C826251E86820051EAB2 /* Debug */,
				C269C827251E86820051EAB2 /* Release */,
			);
			defaultConfigurationIsVisible = 0;
			defaultConfigurationName = Release;
		};
		C269C828251E86820051EAB2 /* Build configuration list for PBXNativeTarget "BlackStarWear" */ = {
			isa = XCConfigurationList;
			buildConfigurations = (
				C269C829251E86820051EAB2 /* Debug */,
				C269C82A251E86820051EAB2 /* Release */,
			);
			defaultConfigurationIsVisible = 0;
			defaultConfigurationName = Release;
		};
		C269C82B251E86820051EAB2 /* Build configuration list for PBXNativeTarget "BlackStarWearTests" */ = {
			isa = XCConfigurationList;
			buildConfigurations = (
				C269C82C251E86820051EAB2 /* Debug */,
				C269C82D251E86820051EAB2 /* Release */,
			);
			defaultConfigurationIsVisible = 0;
			defaultConfigurationName = Release;
		};
		C269C82E251E86820051EAB2 /* Build configuration list for PBXNativeTarget "BlackStarWearUITests" */ = {
			isa = XCConfigurationList;
			buildConfigurations = (
				C269C82F251E86820051EAB2 /* Debug */,
				C269C830251E86820051EAB2 /* Release */,
			);
			defaultConfigurationIsVisible = 0;
			defaultConfigurationName = Release;
		};
/* End XCConfigurationList section */

/* Begin XCVersionGroup section */
		C269C807251E86810051EAB2 /* BlackStarWear.xcdatamodeld */ = {
			isa = XCVersionGroup;
			children = (
				C269C808251E86810051EAB2 /* BlackStarWear.xcdatamodel */,
			);
			currentVersion = C269C808251E86810051EAB2 /* BlackStarWear.xcdatamodel */;
			path = BlackStarWear.xcdatamodeld;
			sourceTree = "<group>";
			versionGroupType = wrapper.xcdatamodel;
		};
/* End XCVersionGroup section */
	};
	rootObject = C269C7F3251E86800051EAB2 /* Project object */;
}
